{
  "name": "node-md-example",
  "version": "1.0.0",
  "lockfileVersion": 3,
  "requires": true,
  "packages": {
    "": {
      "name": "node-md-example",
      "version": "1.0.0",
      "dependencies": {
        "@danxcode/node-md": "^0.3.0"
      },
      "engines": {
        "node": ">=20"
      }
    },
    "node_modules/@danxcode/node-md": {
      "version": "0.3.0",
      "resolved": "https://registry.npmjs.org/@danxcode/node-md/-/node-md-0.3.0.tgz",
      "integrity": "sha512-rx3sumQ90ugm72U961aiard1gcI0rSKh89nZrhrVajtzb2DGLRRMQKDVZa86ZGUTv5j8uZD/MJOALxaiRlw7xQ==",
      "hasInstallScript": true,
      "dependencies": {
        "node-gyp-build": "^4.8.4"
      },
      "engines": {
        "node": ">=20"
      }
    },
    "node_modules/node-gyp-build": {
      "version": "4.8.4",
      "resolved": "https://registry.npmjs.org/node-gyp-build/-/node-gyp-build-4.8.4.tgz",
      "integrity": "sha512-LA4ZjwlnUblHVgq0oBF3Jl/6h/Nvs5fzBLwdEF4nuxnFdsfajde4WfxtJr3CaiH+F6ewcIB/q4jQ4UzPyid+CQ==",
      "license": "MIT",
      "bin": {
        "node-gyp-build": "bin.js",
        "node-gyp-build-optional": "optional.js",
        "node-gyp-build-test": "build-test.js"
      }
    }
  }
}
