{
  "name": "node-md-example",
  "version": "1.0.0",
  "lockfileVersion": 3,
  "requires": true,
  "packages": {
    "": {
      "name": "node-md-example",
      "version": "1.0.0",
      "dependencies": {
        "@danxcode/node-md": "^0.1.0"
      },
      "engines": {
        "node": ">=20"
      }
    },
    "node_modules/@danxcode/node-md": {
      "version": "0.1.0",
      "resolved": "https://registry.npmjs.org/@danxcode/node-md/-/node-md-0.1.0.tgz",
      "integrity": "sha512-8inKa9xqx8AQySzKAmLKlrAKnotn/LCLu0KrUpWKyplQyLSy+HYWz3PvtjtcVU+2QsKZTvcjgsovSqOd2Wvecg==",
      "engines": {
        "node": ">=20"
      }
    }
  }
}
